
Microsoft Visual Studio Solution File, Format Version 12.00
# Visual Studio 15
VisualStudioVersion = 15.0.28307.489
MinimumVisualStudioVersion = 10.0.40219.1
Project("{FAE04EC0-301F-11D3-BF4B-00C04F79EFBC}") = "NetCore22", "NetCore22\NetCore22.csproj", "{DF6330C4-D550-46CD-B77D-AAC5D3FFB95B}"
EndProject
Global
	GlobalSection(SolutionConfigurationPlatforms) = preSolution
		Debug|Any CPU = Debug|Any CPU
		Release|Any CPU = Release|Any CPU
	EndGlobalSection
	GlobalSection(ProjectConfigurationPlatforms) = postSolution
		{DF6330C4-D550-46CD-B77D-AAC5D3FFB95B}.Debug|Any CPU.ActiveCfg = Debug|Any CPU
		{DF6330C4-D550-46CD-B77D-AAC5D3FFB95B}.Debug|Any CPU.Build.0 = Debug|Any CPU
		{DF6330C4-D550-46CD-B77D-AAC5D3FFB95B}.Release|Any CPU.ActiveCfg = Release|Any CPU
		{DF6330C4-D550-46CD-B77D-AAC5D3FFB95B}.Release|Any CPU.Build.0 = Release|Any CPU
	EndGlobalSection
	GlobalSection(SolutionProperties) = preSolution
		HideSolutionNode = FALSE
	EndGlobalSection
	GlobalSection(ExtensibilityGlobals) = postSolution
		SolutionGuid = {AAC45897-F8DB-4210-94CF-9F2FCFECCACC}
	EndGlobalSection
EndGlobal
